
Microsoft Visual Studio Solution File, Format Version 12.00
# Visual Studio Version 16
VisualStudioVersion = 16.0.29020.237
MinimumVisualStudioVersion = 10.0.40219.1
Project("{FAE04EC0-301F-11D3-BF4B-00C04F79EFBC}") = "BooklistRazor", "BooklistRazor.csproj", "{D41DA16B-F2AD-4E37-987C-AEFCAD98FA13}"
EndProject
Global
	GlobalSection(SolutionConfigurationPlatforms) = preSolution
		Debug|Any CPU = Debug|Any CPU
		Release|Any CPU = Release|Any CPU
	EndGlobalSection
	GlobalSection(ProjectConfigurationPlatforms) = postSolution
		{D41DA16B-F2AD-4E37-987C-AEFCAD98FA13}.Debug|Any CPU.ActiveCfg = Debug|Any CPU
		{D41DA16B-F2AD-4E37-987C-AEFCAD98FA13}.Debug|Any CPU.Build.0 = Debug|Any CPU
		{D41DA16B-F2AD-4E37-987C-AEFCAD98FA13}.Release|Any CPU.ActiveCfg = Release|Any CPU
		{D41DA16B-F2AD-4E37-987C-AEFCAD98FA13}.Release|Any CPU.Build.0 = Release|Any CPU
	EndGlobalSection
	GlobalSection(SolutionProperties) = preSolution
		HideSolutionNode = FALSE
	EndGlobalSection
	GlobalSection(ExtensibilityGlobals) = postSolution
		SolutionGuid = {2BA3B113-5C2D-45B0-9ECC-402E8935A1D3}
	EndGlobalSection
EndGlobal
